
Microsoft Visual Studio Solution File, Format Version 12.00
# Visual Studio Version 16
VisualStudioVersion = 16.0.31129.286
MinimumVisualStudioVersion = 10.0.40219.1
Project("{FAE04EC0-301F-11D3-BF4B-00C04F79EFBC}") = "LocationChangedSignalR", "TestFunctionForSignalR0908\LocationChangedSignalR.csproj", "{5E0173BE-7900-47F0-94CA-7EA621AD9377}"
EndProject
Global
	GlobalSection(SolutionConfigurationPlatforms) = preSolution
		Debug|Any CPU = Debug|Any CPU
		Release|Any CPU = Release|Any CPU
	EndGlobalSection
	GlobalSection(ProjectConfigurationPlatforms) = postSolution
		{5E0173BE-7900-47F0-94CA-7EA621AD9377}.Debug|Any CPU.ActiveCfg = Debug|Any CPU
		{5E0173BE-7900-47F0-94CA-7EA621AD9377}.Debug|Any CPU.Build.0 = Debug|Any CPU
		{5E0173BE-7900-47F0-94CA-7EA621AD9377}.Release|Any CPU.ActiveCfg = Release|Any CPU
		{5E0173BE-7900-47F0-94CA-7EA621AD9377}.Release|Any CPU.Build.0 = Release|Any CPU
	EndGlobalSection
	GlobalSection(SolutionProperties) = preSolution
		HideSolutionNode = FALSE
	EndGlobalSection
	GlobalSection(ExtensibilityGlobals) = postSolution
		SolutionGuid = {6EABD988-509C-454A-8147-5E8227CD4DAE}
	EndGlobalSection
EndGlobal
